
Microsoft Visual Studio Solution File, Format Version 12.00
# Visual Studio Version 17
VisualStudioVersion = 17.5.002.0
MinimumVisualStudioVersion = 10.0.40219.1
Project("{9A19103F-16F7-4668-BE54-9A1E7A4F7556}") = "Sistema_Biblioteca_Git", "Sistema_Biblioteca_Git.csproj", "{9C671282-02C4-44A1-A161-612FF29A67DB}"
EndProject
Global
	GlobalSection(SolutionConfigurationPlatforms) = preSolution
		Debug|Any CPU = Debug|Any CPU
		Release|Any CPU = Release|Any CPU
	EndGlobalSection
	GlobalSection(ProjectConfigurationPlatforms) = postSolution
		{9C671282-02C4-44A1-A161-612FF29A67DB}.Debug|Any CPU.ActiveCfg = Debug|Any CPU
		{9C671282-02C4-44A1-A161-612FF29A67DB}.Debug|Any CPU.Build.0 = Debug|Any CPU
		{9C671282-02C4-44A1-A161-612FF29A67DB}.Release|Any CPU.ActiveCfg = Release|Any CPU
		{9C671282-02C4-44A1-A161-612FF29A67DB}.Release|Any CPU.Build.0 = Release|Any CPU
	EndGlobalSection
	GlobalSection(SolutionProperties) = preSolution
		HideSolutionNode = FALSE
	EndGlobalSection
	GlobalSection(ExtensibilityGlobals) = postSolution
		SolutionGuid = {24B95864-B2E2-49EA-BAD5-1207C346C8D0}
	EndGlobalSection
EndGlobal
